
Microsoft Visual Studio Solution File, Format Version 12.00
# Visual Studio Version 16
VisualStudioVersion = 16.0.30011.22
MinimumVisualStudioVersion = 10.0.40219.1
Project("{FAE04EC0-301F-11D3-BF4B-00C04F79EFBC}") = "chiroapp-api", "chiroapp-api.csproj", "{63D966C3-A0DC-4286-8A21-CCC9D9FA2BFF}"
EndProject
Global
	GlobalSection(SolutionConfigurationPlatforms) = preSolution
		Debug|Any CPU = Debug|Any CPU
		Release|Any CPU = Release|Any CPU
	EndGlobalSection
	GlobalSection(ProjectConfigurationPlatforms) = postSolution
		{63D966C3-A0DC-4286-8A21-CCC9D9FA2BFF}.Debug|Any CPU.ActiveCfg = Debug|Any CPU
		{63D966C3-A0DC-4286-8A21-CCC9D9FA2BFF}.Debug|Any CPU.Build.0 = Debug|Any CPU
		{63D966C3-A0DC-4286-8A21-CCC9D9FA2BFF}.Release|Any CPU.ActiveCfg = Release|Any CPU
		{63D966C3-A0DC-4286-8A21-CCC9D9FA2BFF}.Release|Any CPU.Build.0 = Release|Any CPU
	EndGlobalSection
	GlobalSection(SolutionProperties) = preSolution
		HideSolutionNode = FALSE
	EndGlobalSection
	GlobalSection(ExtensibilityGlobals) = postSolution
		SolutionGuid = {91E15820-AC95-4572-B912-5EFCEF861854}
	EndGlobalSection
EndGlobal
